// !$*UTF8*$!
{
	archiveVersion = 1;
	classes = {
	};
	objectVersion = 56;
	objects = {

/* Begin PBXBuildFile section */
		2D214D112AE670B400FD19F5 /* FlyingText.swift in Sources */ = {isa = PBXBuildFile; fileRef = 2D214D102AE670B400FD19F5 /* FlyingText.swift */; };
		2D214D132AE68C2900FD19F5 /* Shake.swift in Sources */ = {isa = PBXBuildFile; fileRef = 2D214D122AE68C2800FD19F5 /* Shake.swift */; };
		2D2BDCB22AD073F000BA4AA7 /* DiamondShape.swift in Sources */ = {isa = PBXBuildFile; fileRef = 2D2BDCB12AD073F000BA4AA7 /* DiamondShape.swift */; };
		2D2BDCB42AD075FC00BA4AA7 /* WaveShape.swift in Sources */ = {isa = PBXBuildFile; fileRef = 2D2BDCB32AD075FC00BA4AA7 /* WaveShape.swift */; };
		2D406FA52AEB0A7B00AE206A /* Cardify.swift in Sources */ = {isa = PBXBuildFile; fileRef = 2D406FA42AEB0A7B00AE206A /* Cardify.swift */; };
		2D406FA72AEB0E0A00AE206A /* ShapeView.swift in Sources */ = {isa = PBXBuildFile; fileRef = 2D406FA62AEB0E0A00AE206A /* ShapeView.swift */; };
		2D4F6B0B2AC4586E00A70012 /* Set__Card_gameApp.swift in Sources */ = {isa = PBXBuildFile; fileRef = 2D4F6B0A2AC4586E00A70012 /* Set__Card_gameApp.swift */; };
		2D4F6B0D2AC4586E00A70012 /* GameSetView.swift in Sources */ = {isa = PBXBuildFile; fileRef = 2D4F6B0C2AC4586E00A70012 /* GameSetView.swift */; };
		2D4F6B0F2AC4587000A70012 /* Assets.xcassets in Resources */ = {isa = PBXBuildFile; fileRef = 2D4F6B0E2AC4587000A70012 /* Assets.xcassets */; };
		2D4F6B132AC4587000A70012 /* Preview Assets.xcassets in Resources */ = {isa = PBXBuildFile; fileRef = 2D4F6B122AC4587000A70012 /* Preview Assets.xcassets */; };
		2D4F6B1D2AC4587100A70012 /* Set__Card_gameTests.swift in Sources */ = {isa = PBXBuildFile; fileRef = 2D4F6B1C2AC4587100A70012 /* Set__Card_gameTests.swift */; };
		2D4F6B272AC4587100A70012 /* Set__Card_gameUITests.swift in Sources */ = {isa = PBXBuildFile; fileRef = 2D4F6B262AC4587100A70012 /* Set__Card_gameUITests.swift */; };
		2D4F6B292AC4587100A70012 /* Set__Card_gameUITestsLaunchTests.swift in Sources */ = {isa = PBXBuildFile; fileRef = 2D4F6B282AC4587100A70012 /* Set__Card_gameUITestsLaunchTests.swift */; };
		2D4F6B362AC45A6200A70012 /* GameSetViewModel.swift in Sources */ = {isa = PBXBuildFile; fileRef = 2D4F6B352AC45A6100A70012 /* GameSetViewModel.swift */; };
		2D4F6B382AC45A8200A70012 /* GameSetModel.swift in Sources */ = {isa = PBXBuildFile; fileRef = 2D4F6B372AC45A8200A70012 /* GameSetModel.swift */; };
		2D4F6B3A2AC5AEDA00A70012 /* CardContent.swift in Sources */ = {isa = PBXBuildFile; fileRef = 2D4F6B392AC5AEDA00A70012 /* CardContent.swift */; };
		2D4F6B3C2AC5E20B00A70012 /* AspectVGrid.swift in Sources */ = {isa = PBXBuildFile; fileRef = 2D4F6B3B2AC5E20B00A70012 /* AspectVGrid.swift */; };
		2DAF640F2AD312CF00324A86 /* CardView.swift in Sources */ = {isa = PBXBuildFile; fileRef = 2DAF640E2AD312CF00324A86 /* CardView.swift */; };
/* End PBXBuildFile section */

/* Begin PBXContainerItemProxy section */
		2D4F6B192AC4587100A70012 /* PBXContainerItemProxy */ = {
			isa = PBXContainerItemProxy;
			containerPortal = 2D4F6AFF2AC4586E00A70012 /* Project object */;
			proxyType = 1;
			remoteGlobalIDString = 2D4F6B062AC4586E00A70012;
			remoteInfo = "Set! Card game";
		};
		2D4F6B232AC4587100A70012 /* PBXContainerItemProxy */ = {
			isa = PBXContainerItemProxy;
			containerPortal = 2D4F6AFF2AC4586E00A70012 /* Project object */;
			proxyType = 1;
			remoteGlobalIDString = 2D4F6B062AC4586E00A70012;
			remoteInfo = "Set! Card game";
		};
/* End PBXContainerItemProxy section */

/* Begin PBXFileReference section */
		2D214D102AE670B400FD19F5 /* FlyingText.swift */ = {isa = PBXFileReference; lastKnownFileType = sourcecode.swift; path = FlyingText.swift; sourceTree = "<group>"; };
		2D214D122AE68C2800FD19F5 /* Shake.swift */ = {isa = PBXFileReference; lastKnownFileType = sourcecode.swift; path = Shake.swift; sourceTree = "<group>"; };
		2D2BDCB12AD073F000BA4AA7 /* DiamondShape.swift */ = {isa = PBXFileReference; lastKnownFileType = sourcecode.swift; path = DiamondShape.swift; sourceTree = "<group>"; };
		2D2BDCB32AD075FC00BA4AA7 /* WaveShape.swift */ = {isa = PBXFileReference; lastKnownFileType = sourcecode.swift; path = WaveShape.swift; sourceTree = "<group>"; };
		2D406FA42AEB0A7B00AE206A /* Cardify.swift */ = {isa = PBXFileReference; lastKnownFileType = sourcecode.swift; path = Cardify.swift; sourceTree = "<group>"; };
		2D406FA62AEB0E0A00AE206A /* ShapeView.swift */ = {isa = PBXFileReference; lastKnownFileType = sourcecode.swift; path = ShapeView.swift; sourceTree = "<group>"; };
		2D4F6B072AC4586E00A70012 /* Set! Card game.app */ = {isa = PBXFileReference; explicitFileType = wrapper.application; includeInIndex = 0; path = "Set! Card game.app"; sourceTree = BUILT_PRODUCTS_DIR; };
		2D4F6B0A2AC4586E00A70012 /* Set__Card_gameApp.swift */ = {isa = PBXFileReference; lastKnownFileType = sourcecode.swift; path = Set__Card_gameApp.swift; sourceTree = "<group>"; };
		2D4F6B0C2AC4586E00A70012 /* GameSetView.swift */ = {isa = PBXFileReference; lastKnownFileType = sourcecode.swift; path = GameSetView.swift; sourceTree = "<group>"; };
		2D4F6B0E2AC4587000A70012 /* Assets.xcassets */ = {isa = PBXFileReference; lastKnownFileType = folder.assetcatalog; path = Assets.xcassets; sourceTree = "<group>"; };
		2D4F6B102AC4587000A70012 /* Set__Card_game.entitlements */ = {isa = PBXFileReference; lastKnownFileType = text.plist.entitlements; path = Set__Card_game.entitlements; sourceTree = "<group>"; };
		2D4F6B122AC4587000A70012 /* Preview Assets.xcassets */ = {isa = PBXFileReference; lastKnownFileType = folder.assetcatalog; path = "Preview Assets.xcassets"; sourceTree = "<group>"; };
		2D4F6B182AC4587100A70012 /* Set! Card gameTests.xctest */ = {isa = PBXFileReference; explicitFileType = wrapper.cfbundle; includeInIndex = 0; path = "Set! Card gameTests.xctest"; sourceTree = BUILT_PRODUCTS_DIR; };
		2D4F6B1C2AC4587100A70012 /* Set__Card_gameTests.swift */ = {isa = PBXFileReference; lastKnownFileType = sourcecode.swift; path = Set__Card_gameTests.swift; sourceTree = "<group>"; };
		2D4F6B222AC4587100A70012 /* Set! Card gameUITests.xctest */ = {isa = PBXFileReference; explicitFileType = wrapper.cfbundle; includeInIndex = 0; path = "Set! Card gameUITests.xctest"; sourceTree = BUILT_PRODUCTS_DIR; };
		2D4F6B262AC4587100A70012 /* Set__Card_gameUITests.swift */ = {isa = PBXFileReference; lastKnownFileType = sourcecode.swift; path = Set__Card_gameUITests.swift; sourceTree = "<group>"; };
		2D4F6B282AC4587100A70012 /* Set__Card_gameUITestsLaunchTests.swift */ = {isa = PBXFileReference; lastKnownFileType = sourcecode.swift; path = Set__Card_gameUITestsLaunchTests.swift; sourceTree = "<group>"; };
		2D4F6B352AC45A6100A70012 /* GameSetViewModel.swift */ = {isa = PBXFileReference; lastKnownFileType = sourcecode.swift; path = GameSetViewModel.swift; sourceTree = "<group>"; };
		2D4F6B372AC45A8200A70012 /* GameSetModel.swift */ = {isa = PBXFileReference; lastKnownFileType = sourcecode.swift; path = GameSetModel.swift; sourceTree = "<group>"; };
		2D4F6B392AC5AEDA00A70012 /* CardContent.swift */ = {isa = PBXFileReference; lastKnownFileType = sourcecode.swift; path = CardContent.swift; sourceTree = "<group>"; };
		2D4F6B3B2AC5E20B00A70012 /* AspectVGrid.swift */ = {isa = PBXFileReference; lastKnownFileType = sourcecode.swift; path = AspectVGrid.swift; sourceTree = "<group>"; };
		2DAF640E2AD312CF00324A86 /* CardView.swift */ = {isa = PBXFileReference; lastKnownFileType = sourcecode.swift; path = CardView.swift; sourceTree = "<group>"; };
/* End PBXFileReference section */

/* Begin PBXFrameworksBuildPhase section */
		2D4F6B042AC4586E00A70012 /* Frameworks */ = {
			isa = PBXFrameworksBuildPhase;
			buildActionMask = 2147483647;
			files = (
			);
			runOnlyForDeploymentPostprocessing = 0;
		};
		2D4F6B152AC4587100A70012 /* Frameworks */ = {
			isa = PBXFrameworksBuildPhase;
			buildActionMask = 2147483647;
			files = (
			);
			runOnlyForDeploymentPostprocessing = 0;
		};
		2D4F6B1F2AC4587100A70012 /* Frameworks */ = {
			isa = PBXFrameworksBuildPhase;
			buildActionMask = 2147483647;
			files = (
			);
			runOnlyForDeploymentPostprocessing = 0;
		};
/* End PBXFrameworksBuildPhase section */

/* Begin PBXGroup section */
		2D4F6AFE2AC4586E00A70012 = {
			isa = PBXGroup;
			children = (
				2D4F6B092AC4586E00A70012 /* Set! Card game */,
				2D4F6B1B2AC4587100A70012 /* Set! Card gameTests */,
				2D4F6B252AC4587100A70012 /* Set! Card gameUITests */,
				2D4F6B082AC4586E00A70012 /* Products */,
			);
			sourceTree = "<group>";
		};
		2D4F6B082AC4586E00A70012 /* Products */ = {
			isa = PBXGroup;
			children = (
				2D4F6B072AC4586E00A70012 /* Set! Card game.app */,
				2D4F6B182AC4587100A70012 /* Set! Card gameTests.xctest */,
				2D4F6B222AC4587100A70012 /* Set! Card gameUITests.xctest */,
			);
			name = Products;
			sourceTree = "<group>";
		};
		2D4F6B092AC4586E00A70012 /* Set! Card game */ = {
			isa = PBXGroup;
			children = (
				2D4F6B0A2AC4586E00A70012 /* Set__Card_gameApp.swift */,
				2D4F6B0C2AC4586E00A70012 /* GameSetView.swift */,
				2D214D122AE68C2800FD19F5 /* Shake.swift */,
				2D2BDCB32AD075FC00BA4AA7 /* WaveShape.swift */,
				2D4F6B352AC45A6100A70012 /* GameSetViewModel.swift */,
				2D4F6B392AC5AEDA00A70012 /* CardContent.swift */,
				2D4F6B372AC45A8200A70012 /* GameSetModel.swift */,
				2DAF640E2AD312CF00324A86 /* CardView.swift */,
				2D406FA62AEB0E0A00AE206A /* ShapeView.swift */,
				2D406FA42AEB0A7B00AE206A /* Cardify.swift */,
				2D4F6B0E2AC4587000A70012 /* Assets.xcassets */,
				2D4F6B102AC4587000A70012 /* Set__Card_game.entitlements */,
				2D4F6B112AC4587000A70012 /* Preview Content */,
				2D4F6B3B2AC5E20B00A70012 /* AspectVGrid.swift */,
				2D214D102AE670B400FD19F5 /* FlyingText.swift */,
				2D2BDCB12AD073F000BA4AA7 /* DiamondShape.swift */,
			);
			path = "Set! Card game";
			sourceTree = "<group>";
		};
		2D4F6B112AC4587000A70012 /* Preview Content */ = {
			isa = PBXGroup;
			children = (
				2D4F6B122AC4587000A70012 /* Preview Assets.xcassets */,
			);
			path = "Preview Content";
			sourceTree = "<group>";
		};
		2D4F6B1B2AC4587100A70012 /* Set! Card gameTests */ = {
			isa = PBXGroup;
			children = (
				2D4F6B1C2AC4587100A70012 /* Set__Card_gameTests.swift */,
			);
			path = "Set! Card gameTests";
			sourceTree = "<group>";
		};
		2D4F6B252AC4587100A70012 /* Set! Card gameUITests */ = {
			isa = PBXGroup;
			children = (
				2D4F6B262AC4587100A70012 /* Set__Card_gameUITests.swift */,
				2D4F6B282AC4587100A70012 /* Set__Card_gameUITestsLaunchTests.swift */,
			);
			path = "Set! Card gameUITests";
			sourceTree = "<group>";
		};
/* End PBXGroup section */

/* Begin PBXNativeTarget section */
		2D4F6B062AC4586E00A70012 /* Set! Card game */ = {
			isa = PBXNativeTarget;
			buildConfigurationList = 2D4F6B2C2AC4587100A70012 /* Build configuration list for PBXNativeTarget "Set! Card game" */;
			buildPhases = (
				2D4F6B032AC4586E00A70012 /* Sources */,
				2D4F6B042AC4586E00A70012 /* Frameworks */,
				2D4F6B052AC4586E00A70012 /* Resources */,
			);
			buildRules = (
			);
			dependencies = (
			);
			name = "Set! Card game";
			productName = "Set! Card game";
			productReference = 2D4F6B072AC4586E00A70012 /* Set! Card game.app */;
			productType = "com.apple.product-type.application";
		};
		2D4F6B172AC4587100A70012 /* Set! Card gameTests */ = {
			isa = PBXNativeTarget;
			buildConfigurationList = 2D4F6B2F2AC4587100A70012 /* Build configuration list for PBXNativeTarget "Set! Card gameTests" */;
			buildPhases = (
				2D4F6B142AC4587100A70012 /* Sources */,
				2D4F6B152AC4587100A70012 /* Frameworks */,
				2D4F6B162AC4587100A70012 /* Resources */,
			);
			buildRules = (
			);
			dependencies = (
				2D4F6B1A2AC4587100A70012 /* PBXTargetDependency */,
			);
			name = "Set! Card gameTests";
			productName = "Set! Card gameTests";
			productReference = 2D4F6B182AC4587100A70012 /* Set! Card gameTests.xctest */;
			productType = "com.apple.product-type.bundle.unit-test";
		};
		2D4F6B212AC4587100A70012 /* Set! Card gameUITests */ = {
			isa = PBXNativeTarget;
			buildConfigurationList = 2D4F6B322AC4587100A70012 /* Build configuration list for PBXNativeTarget "Set! Card gameUITests" */;
			buildPhases = (
				2D4F6B1E2AC4587100A70012 /* Sources */,
				2D4F6B1F2AC4587100A70012 /* Frameworks */,
				2D4F6B202AC4587100A70012 /* Resources */,
			);
			buildRules = (
			);
			dependencies = (
				2D4F6B242AC4587100A70012 /* PBXTargetDependency */,
			);
			name = "Set! Card gameUITests";
			productName = "Set! Card gameUITests";
			productReference = 2D4F6B222AC4587100A70012 /* Set! Card gameUITests.xctest */;
			productType = "com.apple.product-type.bundle.ui-testing";
		};
/* End PBXNativeTarget section */

/* Begin PBXProject section */
		2D4F6AFF2AC4586E00A70012 /* Project object */ = {
			isa = PBXProject;
			attributes = {
				BuildIndependentTargetsInParallel = 1;
				LastSwiftUpdateCheck = 1500;
				LastUpgradeCheck = 1500;
				TargetAttributes = {
					2D4F6B062AC4586E00A70012 = {
						CreatedOnToolsVersion = 15.0;
					};
					2D4F6B172AC4587100A70012 = {
						CreatedOnToolsVersion = 15.0;
						TestTargetID = 2D4F6B062AC4586E00A70012;
					};
					2D4F6B212AC4587100A70012 = {
						CreatedOnToolsVersion = 15.0;
						TestTargetID = 2D4F6B062AC4586E00A70012;
					};
				};
			};
			buildConfigurationList = 2D4F6B022AC4586E00A70012 /* Build configuration list for PBXProject "Set! Card game" */;
			compatibilityVersion = "Xcode 14.0";
			developmentRegion = en;
			hasScannedForEncodings = 0;
			knownRegions = (
				en,
				Base,
			);
			mainGroup = 2D4F6AFE2AC4586E00A70012;
			productRefGroup = 2D4F6B082AC4586E00A70012 /* Products */;
			projectDirPath = "";
			projectRoot = "";
			targets = (
				2D4F6B062AC4586E00A70012 /* Set! Card game */,
				2D4F6B172AC4587100A70012 /* Set! Card gameTests */,
				2D4F6B212AC4587100A70012 /* Set! Card gameUITests */,
			);
		};
/* End PBXProject section */

/* Begin PBXResourcesBuildPhase section */
		2D4F6B052AC4586E00A70012 /* Resources */ = {
			isa = PBXResourcesBuildPhase;
			buildActionMask = 2147483647;
			files = (
				2D4F6B132AC4587000A70012 /* Preview Assets.xcassets in Resources */,
				2D4F6B0F2AC4587000A70012 /* Assets.xcassets in Resources */,
			);
			runOnlyForDeploymentPostprocessing = 0;
		};
		2D4F6B162AC4587100A70012 /* Resources */ = {
			isa = PBXResourcesBuildPhase;
			buildActionMask = 2147483647;
			files = (
			);
			runOnlyForDeploymentPostprocessing = 0;
		};
		2D4F6B202AC4587100A70012 /* Resources */ = {
			isa = PBXResourcesBuildPhase;
			buildActionMask = 2147483647;
			files = (
			);
			runOnlyForDeploymentPostprocessing = 0;
		};
/* End PBXResourcesBuildPhase section */

/* Begin PBXSourcesBuildPhase section */
		2D4F6B032AC4586E00A70012 /* Sources */ = {
			isa = PBXSourcesBuildPhase;
			buildActionMask = 2147483647;
			files = (
				2D4F6B362AC45A6200A70012 /* GameSetViewModel.swift in Sources */,
				2DAF640F2AD312CF00324A86 /* CardView.swift in Sources */,
				2D4F6B3A2AC5AEDA00A70012 /* CardContent.swift in Sources */,
				2D214D132AE68C2900FD19F5 /* Shake.swift in Sources */,
				2D406FA72AEB0E0A00AE206A /* ShapeView.swift in Sources */,
				2D4F6B3C2AC5E20B00A70012 /* AspectVGrid.swift in Sources */,
				2D2BDCB22AD073F000BA4AA7 /* DiamondShape.swift in Sources */,
				2D406FA52AEB0A7B00AE206A /* Cardify.swift in Sources */,
				2D4F6B0D2AC4586E00A70012 /* GameSetView.swift in Sources */,
				2D4F6B382AC45A8200A70012 /* GameSetModel.swift in Sources */,
				2D214D112AE670B400FD19F5 /* FlyingText.swift in Sources */,
				2D2BDCB42AD075FC00BA4AA7 /* WaveShape.swift in Sources */,
				2D4F6B0B2AC4586E00A70012 /* Set__Card_gameApp.swift in Sources */,
			);
			runOnlyForDeploymentPostprocessing = 0;
		};
		2D4F6B142AC4587100A70012 /* Sources */ = {
			isa = PBXSourcesBuildPhase;
			buildActionMask = 2147483647;
			files = (
				2D4F6B1D2AC4587100A70012 /* Set__Card_gameTests.swift in Sources */,
			);
			runOnlyForDeploymentPostprocessing = 0;
		};
		2D4F6B1E2AC4587100A70012 /* Sources */ = {
			isa = PBXSourcesBuildPhase;
			buildActionMask = 2147483647;
			files = (
				2D4F6B272AC4587100A70012 /* Set__Card_gameUITests.swift in Sources */,
				2D4F6B292AC4587100A70012 /* Set__Card_gameUITestsLaunchTests.swift in Sources */,
			);
			runOnlyForDeploymentPostprocessing = 0;
		};
/* End PBXSourcesBuildPhase section */

/* Begin PBXTargetDependency section */
		2D4F6B1A2AC4587100A70012 /* PBXTargetDependency */ = {
			isa = PBXTargetDependency;
			target = 2D4F6B062AC4586E00A70012 /* Set! Card game */;
			targetProxy = 2D4F6B192AC4587100A70012 /* PBXContainerItemProxy */;
		};
		2D4F6B242AC4587100A70012 /* PBXTargetDependency */ = {
			isa = PBXTargetDependency;
			target = 2D4F6B062AC4586E00A70012 /* Set! Card game */;
			targetProxy = 2D4F6B232AC4587100A70012 /* PBXContainerItemProxy */;
		};
/* End PBXTargetDependency section */

/* Begin XCBuildConfiguration section */
		2D4F6B2A2AC4587100A70012 /* Debug */ = {
			isa = XCBuildConfiguration;
			buildSettings = {
				ALWAYS_SEARCH_USER_PATHS = NO;
				ASSETCATALOG_COMPILER_GENERATE_SWIFT_ASSET_SYMBOL_EXTENSIONS = YES;
				CLANG_ANALYZER_NONNULL = YES;
				CLANG_ANALYZER_NUMBER_OBJECT_CONVERSION = YES_AGGRESSIVE;
				CLANG_CXX_LANGUAGE_STANDARD = "gnu++20";
				CLANG_ENABLE_MODULES = YES;
				CLANG_ENABLE_OBJC_ARC = YES;
				CLANG_ENABLE_OBJC_WEAK = YES;
				CLANG_WARN_BLOCK_CAPTURE_AUTORELEASING = YES;
				CLANG_WARN_BOOL_CONVERSION = YES;
				CLANG_WARN_COMMA = YES;
				CLANG_WARN_CONSTANT_CONVERSION = YES;
				CLANG_WARN_DEPRECATED_OBJC_IMPLEMENTATIONS = YES;
				CLANG_WARN_DIRECT_OBJC_ISA_USAGE = YES_ERROR;
				CLANG_WARN_DOCUMENTATION_COMMENTS = YES;
				CLANG_WARN_EMPTY_BODY = YES;
				CLANG_WARN_ENUM_CONVERSION = YES;
				CLANG_WARN_INFINITE_RECURSION = YES;
				CLANG_WARN_INT_CONVERSION = YES;
				CLANG_WARN_NON_LITERAL_NULL_CONVERSION = YES;
				CLANG_WARN_OBJC_IMPLICIT_RETAIN_SELF = YES;
				CLANG_WARN_OBJC_LITERAL_CONVERSION = YES;
				CLANG_WARN_OBJC_ROOT_CLASS = YES_ERROR;
				CLANG_WARN_QUOTED_INCLUDE_IN_FRAMEWORK_HEADER = YES;
				CLANG_WARN_RANGE_LOOP_ANALYSIS = YES;
				CLANG_WARN_STRICT_PROTOTYPES = YES;
				CLANG_WARN_SUSPICIOUS_MOVE = YES;
				CLANG_WARN_UNGUARDED_AVAILABILITY = YES_AGGRESSIVE;
				CLANG_WARN_UNREACHABLE_CODE = YES;
				CLANG_WARN__DUPLICATE_METHOD_MATCH = YES;
				COPY_PHASE_STRIP = NO;
				DEBUG_INFORMATION_FORMAT = dwarf;
				ENABLE_STRICT_OBJC_MSGSEND = YES;
				ENABLE_TESTABILITY = YES;
				ENABLE_USER_SCRIPT_SANDBOXING = YES;
				GCC_C_LANGUAGE_STANDARD = gnu17;
				GCC_DYNAMIC_NO_PIC = NO;
				GCC_NO_COMMON_BLOCKS = YES;
				GCC_OPTIMIZATION_LEVEL = 0;
				GCC_PREPROCESSOR_DEFINITIONS = (
					"DEBUG=1",
					"$(inherited)",
				);
				GCC_WARN_64_TO_32_BIT_CONVERSION = YES;
				GCC_WARN_ABOUT_RETURN_TYPE = YES_ERROR;
				GCC_WARN_UNDECLARED_SELECTOR = YES;
				GCC_WARN_UNINITIALIZED_AUTOS = YES_AGGRESSIVE;
				GCC_WARN_UNUSED_FUNCTION = YES;
				GCC_WARN_UNUSED_VARIABLE = YES;
				LOCALIZATION_PREFERS_STRING_CATALOGS = YES;
				MTL_ENABLE_DEBUG_INFO = INCLUDE_SOURCE;
				MTL_FAST_MATH = YES;
				ONLY_ACTIVE_ARCH = YES;
				SWIFT_ACTIVE_COMPILATION_CONDITIONS = "DEBUG $(inherited)";
				SWIFT_OPTIMIZATION_LEVEL = "-Onone";
			};
			name = Debug;
		};
		2D4F6B2B2AC4587100A70012 /* Release */ = {
			isa = XCBuildConfiguration;
			buildSettings = {
				ALWAYS_SEARCH_USER_PATHS = NO;
				ASSETCATALOG_COMPILER_GENERATE_SWIFT_ASSET_SYMBOL_EXTENSIONS = YES;
				CLANG_ANALYZER_NONNULL = YES;
				CLANG_ANALYZER_NUMBER_OBJECT_CONVERSION = YES_AGGRESSIVE;
				CLANG_CXX_LANGUAGE_STANDARD = "gnu++20";
				CLANG_ENABLE_MODULES = YES;
				CLANG_ENABLE_OBJC_ARC = YES;
				CLANG_ENABLE_OBJC_WEAK = YES;
				CLANG_WARN_BLOCK_CAPTURE_AUTORELEASING = YES;
				CLANG_WARN_BOOL_CONVERSION = YES;
				CLANG_WARN_COMMA = YES;
				CLANG_WARN_CONSTANT_CONVERSION = YES;
				CLANG_WARN_DEPRECATED_OBJC_IMPLEMENTATIONS = YES;
				CLANG_WARN_DIRECT_OBJC_ISA_USAGE = YES_ERROR;
				CLANG_WARN_DOCUMENTATION_COMMENTS = YES;
				CLANG_WARN_EMPTY_BODY = YES;
				CLANG_WARN_ENUM_CONVERSION = YES;
				CLANG_WARN_INFINITE_RECURSION = YES;
				CLANG_WARN_INT_CONVERSION = YES;
				CLANG_WARN_NON_LITERAL_NULL_CONVERSION = YES;
				CLANG_WARN_OBJC_IMPLICIT_RETAIN_SELF = YES;
				CLANG_WARN_OBJC_LITERAL_CONVERSION = YES;
				CLANG_WARN_OBJC_ROOT_CLASS = YES_ERROR;
				CLANG_WARN_QUOTED_INCLUDE_IN_FRAMEWORK_HEADER = YES;
				CLANG_WARN_RANGE_LOOP_ANALYSIS = YES;
				CLANG_WARN_STRICT_PROTOTYPES = YES;
				CLANG_WARN_SUSPICIOUS_MOVE = YES;
				CLANG_WARN_UNGUARDED_AVAILABILITY = YES_AGGRESSIVE;
				CLANG_WARN_UNREACHABLE_CODE = YES;
				CLANG_WARN__DUPLICATE_METHOD_MATCH = YES;
				COPY_PHASE_STRIP = NO;
				DEBUG_INFORMATION_FORMAT = "dwarf-with-dsym";
				ENABLE_NS_ASSERTIONS = NO;
				ENABLE_STRICT_OBJC_MSGSEND = YES;
				ENABLE_USER_SCRIPT_SANDBOXING = YES;
				GCC_C_LANGUAGE_STANDARD = gnu17;
				GCC_NO_COMMON_BLOCKS = YES;
				GCC_WARN_64_TO_32_BIT_CONVERSION = YES;
				GCC_WARN_ABOUT_RETURN_TYPE = YES_ERROR;
				GCC_WARN_UNDECLARED_SELECTOR = YES;
				GCC_WARN_UNINITIALIZED_AUTOS = YES_AGGRESSIVE;
				GCC_WARN_UNUSED_FUNCTION = YES;
				GCC_WARN_UNUSED_VARIABLE = YES;
				LOCALIZATION_PREFERS_STRING_CATALOGS = YES;
				MTL_ENABLE_DEBUG_INFO = NO;
				MTL_FAST_MATH = YES;
				SWIFT_COMPILATION_MODE = wholemodule;
			};
			name = Release;
		};
		2D4F6B2D2AC4587100A70012 /* Debug */ = {
			isa = XCBuildConfiguration;
			buildSettings = {
				ASSETCATALOG_COMPILER_APPICON_NAME = AppIcon;
				ASSETCATALOG_COMPILER_GLOBAL_ACCENT_COLOR_NAME = AccentColor;
				CODE_SIGN_ENTITLEMENTS = "Set! Card game/Set__Card_game.entitlements";
				CODE_SIGN_STYLE = Automatic;
				CURRENT_PROJECT_VERSION = 1;
				DEVELOPMENT_ASSET_PATHS = "\"Set! Card game/Preview Content\"";
				DEVELOPMENT_TEAM = D6BK75VU2R;
				ENABLE_HARDENED_RUNTIME = YES;
				ENABLE_PREVIEWS = YES;
				GENERATE_INFOPLIST_FILE = YES;
				"INFOPLIST_KEY_UIApplicationSceneManifest_Generation[sdk=iphoneos*]" = YES;
				"INFOPLIST_KEY_UIApplicationSceneManifest_Generation[sdk=iphonesimulator*]" = YES;
				"INFOPLIST_KEY_UIApplicationSupportsIndirectInputEvents[sdk=iphoneos*]" = YES;
				"INFOPLIST_KEY_UIApplicationSupportsIndirectInputEvents[sdk=iphonesimulator*]" = YES;
				"INFOPLIST_KEY_UILaunchScreen_Generation[sdk=iphoneos*]" = YES;
				"INFOPLIST_KEY_UILaunchScreen_Generation[sdk=iphonesimulator*]" = YES;
				"INFOPLIST_KEY_UIStatusBarStyle[sdk=iphoneos*]" = UIStatusBarStyleDefault;
				"INFOPLIST_KEY_UIStatusBarStyle[sdk=iphonesimulator*]" = UIStatusBarStyleDefault;
				INFOPLIST_KEY_UISupportedInterfaceOrientations_iPad = "UIInterfaceOrientationPortrait UIInterfaceOrientationPortraitUpsideDown UIInterfaceOrientationLandscapeLeft UIInterfaceOrientationLandscapeRight";
				INFOPLIST_KEY_UISupportedInterfaceOrientations_iPhone = "UIInterfaceOrientationPortrait UIInterfaceOrientationLandscapeLeft UIInterfaceOrientationLandscapeRight";
				IPHONEOS_DEPLOYMENT_TARGET = 16.0;
				LD_RUNPATH_SEARCH_PATHS = "@executable_path/Frameworks";
				"LD_RUNPATH_SEARCH_PATHS[sdk=macosx*]" = "@executable_path/../Frameworks";
				MACOSX_DEPLOYMENT_TARGET = 13.5;
				MARKETING_VERSION = 1.0;
				PRODUCT_BUNDLE_IDENTIFIER = "com.paddubny.Set--Card-game";
				PRODUCT_NAME = "$(TARGET_NAME)";
				SDKROOT = auto;
				SUPPORTED_PLATFORMS = "iphoneos iphonesimulator macosx";
				SWIFT_EMIT_LOC_STRINGS = YES;
				SWIFT_VERSION = 5.0;
				TARGETED_DEVICE_FAMILY = "1,2";
			};
			name = Debug;
		};
		2D4F6B2E2AC4587100A70012 /* Release */ = {
			isa = XCBuildConfiguration;
			buildSettings = {
				ASSETCATALOG_COMPILER_APPICON_NAME = AppIcon;
				ASSETCATALOG_COMPILER_GLOBAL_ACCENT_COLOR_NAME = AccentColor;
				CODE_SIGN_ENTITLEMENTS = "Set! Card game/Set__Card_game.entitlements";
				CODE_SIGN_STYLE = Automatic;
				CURRENT_PROJECT_VERSION = 1;
				DEVELOPMENT_ASSET_PATHS = "\"Set! Card game/Preview Content\"";
				DEVELOPMENT_TEAM = D6BK75VU2R;
				ENABLE_HARDENED_RUNTIME = YES;
				ENABLE_PREVIEWS = YES;
				GENERATE_INFOPLIST_FILE = YES;
				"INFOPLIST_KEY_UIApplicationSceneManifest_Generation[sdk=iphoneos*]" = YES;
				"INFOPLIST_KEY_UIApplicationSceneManifest_Generation[sdk=iphonesimulator*]" = YES;
				"INFOPLIST_KEY_UIApplicationSupportsIndirectInputEvents[sdk=iphoneos*]" = YES;
				"INFOPLIST_KEY_UIApplicationSupportsIndirectInputEvents[sdk=iphonesimulator*]" = YES;
				"INFOPLIST_KEY_UILaunchScreen_Generation[sdk=iphoneos*]" = YES;
				"INFOPLIST_KEY_UILaunchScreen_Generation[sdk=iphonesimulator*]" = YES;
				"INFOPLIST_KEY_UIStatusBarStyle[sdk=iphoneos*]" = UIStatusBarStyleDefault;
				"INFOPLIST_KEY_UIStatusBarStyle[sdk=iphonesimulator*]" = UIStatusBarStyleDefault;
				INFOPLIST_KEY_UISupportedInterfaceOrientations_iPad = "UIInterfaceOrientationPortrait UIInterfaceOrientationPortraitUpsideDown UIInterfaceOrientationLandscapeLeft UIInterfaceOrientationLandscapeRight";
				INFOPLIST_KEY_UISupportedInterfaceOrientations_iPhone = "UIInterfaceOrientationPortrait UIInterfaceOrientationLandscapeLeft UIInterfaceOrientationLandscapeRight";
				IPHONEOS_DEPLOYMENT_TARGET = 16.0;
				LD_RUNPATH_SEARCH_PATHS = "@executable_path/Frameworks";
				"LD_RUNPATH_SEARCH_PATHS[sdk=macosx*]" = "@executable_path/../Frameworks";
				MACOSX_DEPLOYMENT_TARGET = 13.5;
				MARKETING_VERSION = 1.0;
				PRODUCT_BUNDLE_IDENTIFIER = "com.paddubny.Set--Card-game";
				PRODUCT_NAME = "$(TARGET_NAME)";
				SDKROOT = auto;
				SUPPORTED_PLATFORMS = "iphoneos iphonesimulator macosx";
				SWIFT_EMIT_LOC_STRINGS = YES;
				SWIFT_VERSION = 5.0;
				TARGETED_DEVICE_FAMILY = "1,2";
			};
			name = Release;
		};
		2D4F6B302AC4587100A70012 /* Debug */ = {
			isa = XCBuildConfiguration;
			buildSettings = {
				ALWAYS_EMBED_SWIFT_STANDARD_LIBRARIES = YES;
				BUNDLE_LOADER = "$(TEST_HOST)";
				CODE_SIGN_STYLE = Automatic;
				CURRENT_PROJECT_VERSION = 1;
				DEVELOPMENT_TEAM = D6BK75VU2R;
				GENERATE_INFOPLIST_FILE = YES;
				IPHONEOS_DEPLOYMENT_TARGET = 17.0;
				MACOSX_DEPLOYMENT_TARGET = 13.5;
				MARKETING_VERSION = 1.0;
				PRODUCT_BUNDLE_IDENTIFIER = "com.paddubny.Set--Card-gameTests";
				PRODUCT_NAME = "$(TARGET_NAME)";
				SDKROOT = auto;
				SUPPORTED_PLATFORMS = "iphoneos iphonesimulator macosx";
				SWIFT_EMIT_LOC_STRINGS = NO;
				SWIFT_VERSION = 5.0;
				TARGETED_DEVICE_FAMILY = "1,2";
				TEST_HOST = "$(BUILT_PRODUCTS_DIR)/Set! Card game.app/$(BUNDLE_EXECUTABLE_FOLDER_PATH)/Set! Card game";
			};
			name = Debug;
		};
		2D4F6B312AC4587100A70012 /* Release */ = {
			isa = XCBuildConfiguration;
			buildSettings = {
				ALWAYS_EMBED_SWIFT_STANDARD_LIBRARIES = YES;
				BUNDLE_LOADER = "$(TEST_HOST)";
				CODE_SIGN_STYLE = Automatic;
				CURRENT_PROJECT_VERSION = 1;
				DEVELOPMENT_TEAM = D6BK75VU2R;
				GENERATE_INFOPLIST_FILE = YES;
				IPHONEOS_DEPLOYMENT_TARGET = 17.0;
				MACOSX_DEPLOYMENT_TARGET = 13.5;
				MARKETING_VERSION = 1.0;
				PRODUCT_BUNDLE_IDENTIFIER = "com.paddubny.Set--Card-gameTests";
				PRODUCT_NAME = "$(TARGET_NAME)";
				SDKROOT = auto;
				SUPPORTED_PLATFORMS = "iphoneos iphonesimulator macosx";
				SWIFT_EMIT_LOC_STRINGS = NO;
				SWIFT_VERSION = 5.0;
				TARGETED_DEVICE_FAMILY = "1,2";
				TEST_HOST = "$(BUILT_PRODUCTS_DIR)/Set! Card game.app/$(BUNDLE_EXECUTABLE_FOLDER_PATH)/Set! Card game";
			};
			name = Release;
		};
		2D4F6B332AC4587100A70012 /* Debug */ = {
			isa = XCBuildConfiguration;
			buildSettings = {
				ALWAYS_EMBED_SWIFT_STANDARD_LIBRARIES = YES;
				CODE_SIGN_STYLE = Automatic;
				CURRENT_PROJECT_VERSION = 1;
				DEVELOPMENT_TEAM = D6BK75VU2R;
				GENERATE_INFOPLIST_FILE = YES;
				IPHONEOS_DEPLOYMENT_TARGET = 17.0;
				MACOSX_DEPLOYMENT_TARGET = 13.5;
				MARKETING_VERSION = 1.0;
				PRODUCT_BUNDLE_IDENTIFIER = "com.paddubny.Set--Card-gameUITests";
				PRODUCT_NAME = "$(TARGET_NAME)";
				SDKROOT = auto;
				SUPPORTED_PLATFORMS = "iphoneos iphonesimulator macosx";
				SWIFT_EMIT_LOC_STRINGS = NO;
				SWIFT_VERSION = 5.0;
				TARGETED_DEVICE_FAMILY = "1,2";
				TEST_TARGET_NAME = "Set! Card game";
			};
			name = Debug;
		};
		2D4F6B342AC4587100A70012 /* Release */ = {
			isa = XCBuildConfiguration;
			buildSettings = {
				ALWAYS_EMBED_SWIFT_STANDARD_LIBRARIES = YES;
				CODE_SIGN_STYLE = Automatic;
				CURRENT_PROJECT_VERSION = 1;
				DEVELOPMENT_TEAM = D6BK75VU2R;
				GENERATE_INFOPLIST_FILE = YES;
				IPHONEOS_DEPLOYMENT_TARGET = 17.0;
				MACOSX_DEPLOYMENT_TARGET = 13.5;
				MARKETING_VERSION = 1.0;
				PRODUCT_BUNDLE_IDENTIFIER = "com.paddubny.Set--Card-gameUITests";
				PRODUCT_NAME = "$(TARGET_NAME)";
				SDKROOT = auto;
				SUPPORTED_PLATFORMS = "iphoneos iphonesimulator macosx";
				SWIFT_EMIT_LOC_STRINGS = NO;
				SWIFT_VERSION = 5.0;
				TARGETED_DEVICE_FAMILY = "1,2";
				TEST_TARGET_NAME = "Set! Card game";
			};
			name = Release;
		};
/* End XCBuildConfiguration section */

/* Begin XCConfigurationList section */
		2D4F6B022AC4586E00A70012 /* Build configuration list for PBXProject "Set! Card game" */ = {
			isa = XCConfigurationList;
			buildConfigurations = (
				2D4F6B2A2AC4587100A70012 /* Debug */,
				2D4F6B2B2AC4587100A70012 /* Release */,
			);
			defaultConfigurationIsVisible = 0;
			defaultConfigurationName = Release;
		};
		2D4F6B2C2AC4587100A70012 /* Build configuration list for PBXNativeTarget "Set! Card game" */ = {
			isa = XCConfigurationList;
			buildConfigurations = (
				2D4F6B2D2AC4587100A70012 /* Debug */,
				2D4F6B2E2AC4587100A70012 /* Release */,
			);
			defaultConfigurationIsVisible = 0;
			defaultConfigurationName = Release;
		};
		2D4F6B2F2AC4587100A70012 /* Build configuration list for PBXNativeTarget "Set! Card gameTests" */ = {
			isa = XCConfigurationList;
			buildConfigurations = (
				2D4F6B302AC4587100A70012 /* Debug */,
				2D4F6B312AC4587100A70012 /* Release */,
			);
			defaultConfigurationIsVisible = 0;
			defaultConfigurationName = Release;
		};
		2D4F6B322AC4587100A70012 /* Build configuration list for PBXNativeTarget "Set! Card gameUITests" */ = {
			isa = XCConfigurationList;
			buildConfigurations = (
				2D4F6B332AC4587100A70012 /* Debug */,
				2D4F6B342AC4587100A70012 /* Release */,
			);
			defaultConfigurationIsVisible = 0;
			defaultConfigurationName = Release;
		};
/* End XCConfigurationList section */
	};
	rootObject = 2D4F6AFF2AC4586E00A70012 /* Project object */;
}
